
Microsoft Visual Studio Solution File, Format Version 12.00
# Visual Studio Version 17
VisualStudioVersion = 17.8.34316.72
MinimumVisualStudioVersion = 10.0.40219.1
Project("{9A19103F-16F7-4668-BE54-9A1E7A4F7556}") = "ConsoleUtils", "ConsoleUtils\ConsoleUtils.csproj", "{74D1A17B-8F52-4E0A-8D7E-67539FC3FB12}"
EndProject
Project("{2150E333-8FDC-42A3-9474-1A3956D46DE8}") = "OOP", "OOP", "{58E29634-103F-462D-AB01-898AC0D905CF}"
EndProject
Project("{2150E333-8FDC-42A3-9474-1A3956D46DE8}") = "Libraries", "Libraries", "{AD31E6DD-09C7-4E8D-AE38-4E2199882F99}"
EndProject
Project("{9A19103F-16F7-4668-BE54-9A1E7A4F7556}") = "Zoo", "Zoo\Zoo.csproj", "{AC7ADB5B-B27F-4871-AAB1-2BD2F5DBC28D}"
EndProject
Project("{2150E333-8FDC-42A3-9474-1A3956D46DE8}") = "Exercizes", "Exercizes", "{C975B8E3-2BB8-4D38-96C7-AA27998DB95E}"
EndProject
Project("{9A19103F-16F7-4668-BE54-9A1E7A4F7556}") = "Part3", "Part3\Part3.csproj", "{AA3D7947-6A23-4511-9C5E-7AF8C02A290F}"
EndProject
Project("{9A19103F-16F7-4668-BE54-9A1E7A4F7556}") = "Part4", "Part4\Part4.csproj", "{4B30F707-6F2E-4A13-8A7A-33640E2F66CE}"
EndProject
Project("{9A19103F-16F7-4668-BE54-9A1E7A4F7556}") = "Employees", "Employees\Employees.csproj", "{E7DD9F98-6693-42A3-B710-4AF9DB53CD53}"
EndProject
Project("{FAE04EC0-301F-11D3-BF4B-00C04F79EFBC}") = "CakesAdvanced", "CakesAdvanced\CakesAdvanced.csproj", "{EE46527D-0B7F-4E73-9702-CF8932737C26}"
EndProject
Global
	GlobalSection(SolutionConfigurationPlatforms) = preSolution
		Debug|Any CPU = Debug|Any CPU
		Release|Any CPU = Release|Any CPU
	EndGlobalSection
	GlobalSection(ProjectConfigurationPlatforms) = postSolution
		{74D1A17B-8F52-4E0A-8D7E-67539FC3FB12}.Debug|Any CPU.ActiveCfg = Debug|Any CPU
		{74D1A17B-8F52-4E0A-8D7E-67539FC3FB12}.Debug|Any CPU.Build.0 = Debug|Any CPU
		{74D1A17B-8F52-4E0A-8D7E-67539FC3FB12}.Release|Any CPU.ActiveCfg = Release|Any CPU
		{74D1A17B-8F52-4E0A-8D7E-67539FC3FB12}.Release|Any CPU.Build.0 = Release|Any CPU
		{AC7ADB5B-B27F-4871-AAB1-2BD2F5DBC28D}.Debug|Any CPU.ActiveCfg = Debug|Any CPU
		{AC7ADB5B-B27F-4871-AAB1-2BD2F5DBC28D}.Debug|Any CPU.Build.0 = Debug|Any CPU
		{AC7ADB5B-B27F-4871-AAB1-2BD2F5DBC28D}.Release|Any CPU.ActiveCfg = Release|Any CPU
		{AC7ADB5B-B27F-4871-AAB1-2BD2F5DBC28D}.Release|Any CPU.Build.0 = Release|Any CPU
		{AA3D7947-6A23-4511-9C5E-7AF8C02A290F}.Debug|Any CPU.ActiveCfg = Debug|Any CPU
		{AA3D7947-6A23-4511-9C5E-7AF8C02A290F}.Debug|Any CPU.Build.0 = Debug|Any CPU
		{AA3D7947-6A23-4511-9C5E-7AF8C02A290F}.Release|Any CPU.ActiveCfg = Release|Any CPU
		{AA3D7947-6A23-4511-9C5E-7AF8C02A290F}.Release|Any CPU.Build.0 = Release|Any CPU
		{4B30F707-6F2E-4A13-8A7A-33640E2F66CE}.Debug|Any CPU.ActiveCfg = Debug|Any CPU
		{4B30F707-6F2E-4A13-8A7A-33640E2F66CE}.Debug|Any CPU.Build.0 = Debug|Any CPU
		{4B30F707-6F2E-4A13-8A7A-33640E2F66CE}.Release|Any CPU.ActiveCfg = Release|Any CPU
		{4B30F707-6F2E-4A13-8A7A-33640E2F66CE}.Release|Any CPU.Build.0 = Release|Any CPU
		{E7DD9F98-6693-42A3-B710-4AF9DB53CD53}.Debug|Any CPU.ActiveCfg = Debug|Any CPU
		{E7DD9F98-6693-42A3-B710-4AF9DB53CD53}.Debug|Any CPU.Build.0 = Debug|Any CPU
		{E7DD9F98-6693-42A3-B710-4AF9DB53CD53}.Release|Any CPU.ActiveCfg = Release|Any CPU
		{E7DD9F98-6693-42A3-B710-4AF9DB53CD53}.Release|Any CPU.Build.0 = Release|Any CPU
		{EE46527D-0B7F-4E73-9702-CF8932737C26}.Debug|Any CPU.ActiveCfg = Debug|Any CPU
		{EE46527D-0B7F-4E73-9702-CF8932737C26}.Debug|Any CPU.Build.0 = Debug|Any CPU
		{EE46527D-0B7F-4E73-9702-CF8932737C26}.Release|Any CPU.ActiveCfg = Release|Any CPU
		{EE46527D-0B7F-4E73-9702-CF8932737C26}.Release|Any CPU.Build.0 = Release|Any CPU
	EndGlobalSection
	GlobalSection(SolutionProperties) = preSolution
		HideSolutionNode = FALSE
	EndGlobalSection
	GlobalSection(NestedProjects) = preSolution
		{74D1A17B-8F52-4E0A-8D7E-67539FC3FB12} = {AD31E6DD-09C7-4E8D-AE38-4E2199882F99}
		{AC7ADB5B-B27F-4871-AAB1-2BD2F5DBC28D} = {58E29634-103F-462D-AB01-898AC0D905CF}
		{AA3D7947-6A23-4511-9C5E-7AF8C02A290F} = {C975B8E3-2BB8-4D38-96C7-AA27998DB95E}
		{4B30F707-6F2E-4A13-8A7A-33640E2F66CE} = {C975B8E3-2BB8-4D38-96C7-AA27998DB95E}
		{E7DD9F98-6693-42A3-B710-4AF9DB53CD53} = {58E29634-103F-462D-AB01-898AC0D905CF}
		{EE46527D-0B7F-4E73-9702-CF8932737C26} = {58E29634-103F-462D-AB01-898AC0D905CF}
	EndGlobalSection
	GlobalSection(ExtensibilityGlobals) = postSolution
		SolutionGuid = {DF4406F7-5F21-44A5-B44B-1980BDA2C418}
	EndGlobalSection
EndGlobal
